
Microsoft Visual Studio Solution File, Format Version 12.00
# Visual Studio Version 17
VisualStudioVersion = 17.13.35931.197 d17.13
MinimumVisualStudioVersion = 10.0.40219.1
Project("{FAE04EC0-301F-11D3-BF4B-00C04F79EFBC}") = "Student course enrollment", "Student course enrollment.csproj", "{5869D3F4-214D-4B21-9352-BA49FD4E6168}"
EndProject
Global
	GlobalSection(SolutionConfigurationPlatforms) = preSolution
		Debug|Any CPU = Debug|Any CPU
		Release|Any CPU = Release|Any CPU
	EndGlobalSection
	GlobalSection(ProjectConfigurationPlatforms) = postSolution
		{5869D3F4-214D-4B21-9352-BA49FD4E6168}.Debug|Any CPU.ActiveCfg = Debug|Any CPU
		{5869D3F4-214D-4B21-9352-BA49FD4E6168}.Debug|Any CPU.Build.0 = Debug|Any CPU
		{5869D3F4-214D-4B21-9352-BA49FD4E6168}.Release|Any CPU.ActiveCfg = Release|Any CPU
		{5869D3F4-214D-4B21-9352-BA49FD4E6168}.Release|Any CPU.Build.0 = Release|Any CPU
	EndGlobalSection
	GlobalSection(SolutionProperties) = preSolution
		HideSolutionNode = FALSE
	EndGlobalSection
	GlobalSection(ExtensibilityGlobals) = postSolution
		SolutionGuid = {2889F401-7C53-4F22-9677-FDDF9B1D0F20}
	EndGlobalSection
EndGlobal
